# THIS IS AN AUTOGENERATED FILE. DO NOT EDIT THIS FILE DIRECTLY.
# yarn lockfile v1
ajax.js:
  version "0.0.8"
  resolved "https://registry.yarnpkg.com/ajax.js/-/ajax.js-0.0.8.tgz#b8e4c87f233a24bffa4a21085d5fab308c236bb2"
  dependencies:
    eventsource ""
    xhr2 ""

eventsource@:
  version "0.2.1"
  resolved "https://registry.yarnpkg.com/eventsource/-/eventsource-0.2.1.tgz#662bf85f376e73b5c34c2ee17db566b8419a6232"
  dependencies:
    original "^1.0.0"

original@^1.0.0:
  version "1.0.0"
  resolved "https://registry.yarnpkg.com/original/-/original-1.0.0.tgz#9147f93fa1696d04be61e01bd50baeaca656bd3b"
  dependencies:
    url-parse "1.0.x"

querystringify@0.0.x:
  version "0.0.4"
  resolved "https://registry.yarnpkg.com/querystringify/-/querystringify-0.0.4.tgz#0cf7f84f9463ff0ae51c4c4b142d95be37724d9c"

requires-port@1.0.x:
  version "1.0.0"
  resolved "https://registry.yarnpkg.com/requires-port/-/requires-port-1.0.0.tgz#925d2601d39ac485e091cf0da5c6e694dc3dcaff"

url-parse@1.0.x:
  version "1.0.5"
  resolved "https://registry.yarnpkg.com/url-parse/-/url-parse-1.0.5.tgz#0854860422afdcfefeb6c965c662d4800169927b"
  dependencies:
    querystringify "0.0.x"
    requires-port "1.0.x"

xhr2@:
  version "0.1.3"
  resolved "https://registry.yarnpkg.com/xhr2/-/xhr2-0.1.3.tgz#cbfc4759a69b4a888e78cf4f20b051038757bd11"

